
Microsoft Visual Studio Solution File, Format Version 12.00
# Visual Studio 2012
Project("{FAE04EC0-301F-11D3-BF4B-00C04F79EFBC}") = "FontServer", "FontServer\FontServer.csproj", "{330C2311-EA32-40D5-BD9C-C61701BEA6FC}"
EndProject
Project("{FAE04EC0-301F-11D3-BF4B-00C04F79EFBC}") = "fontWrtier", "fontWrtier\fontWrtier.csproj", "{318AC7B7-4C5D-459E-9043-CA9BB3356F65}"
EndProject
Project("{FAE04EC0-301F-11D3-BF4B-00C04F79EFBC}") = "ServerUtility", "ServerUtility\ServerUtility.csproj", "{F9968E9F-BA23-45C1-BAF1-0AC4F49C1DCC}"
EndProject
Global
	GlobalSection(SolutionConfigurationPlatforms) = preSolution
		Debug|Any CPU = Debug|Any CPU
		Debug|Mixed Platforms = Debug|Mixed Platforms
		Debug|x86 = Debug|x86
		Release|Any CPU = Release|Any CPU
		Release|Mixed Platforms = Release|Mixed Platforms
		Release|x86 = Release|x86
	EndGlobalSection
	GlobalSection(ProjectConfigurationPlatforms) = postSolution
		{330C2311-EA32-40D5-BD9C-C61701BEA6FC}.Debug|Any CPU.ActiveCfg = Debug|x86
		{330C2311-EA32-40D5-BD9C-C61701BEA6FC}.Debug|Mixed Platforms.ActiveCfg = Debug|x86
		{330C2311-EA32-40D5-BD9C-C61701BEA6FC}.Debug|Mixed Platforms.Build.0 = Debug|x86
		{330C2311-EA32-40D5-BD9C-C61701BEA6FC}.Debug|x86.ActiveCfg = Debug|x86
		{330C2311-EA32-40D5-BD9C-C61701BEA6FC}.Debug|x86.Build.0 = Debug|x86
		{330C2311-EA32-40D5-BD9C-C61701BEA6FC}.Release|Any CPU.ActiveCfg = Release|x86
		{330C2311-EA32-40D5-BD9C-C61701BEA6FC}.Release|Mixed Platforms.ActiveCfg = Release|x86
		{330C2311-EA32-40D5-BD9C-C61701BEA6FC}.Release|Mixed Platforms.Build.0 = Release|x86
		{330C2311-EA32-40D5-BD9C-C61701BEA6FC}.Release|x86.ActiveCfg = Release|x86
		{330C2311-EA32-40D5-BD9C-C61701BEA6FC}.Release|x86.Build.0 = Release|x86
		{318AC7B7-4C5D-459E-9043-CA9BB3356F65}.Debug|Any CPU.ActiveCfg = Debug|Any CPU
		{318AC7B7-4C5D-459E-9043-CA9BB3356F65}.Debug|Any CPU.Build.0 = Debug|Any CPU
		{318AC7B7-4C5D-459E-9043-CA9BB3356F65}.Debug|Mixed Platforms.ActiveCfg = Debug|Any CPU
		{318AC7B7-4C5D-459E-9043-CA9BB3356F65}.Debug|Mixed Platforms.Build.0 = Debug|Any CPU
		{318AC7B7-4C5D-459E-9043-CA9BB3356F65}.Debug|x86.ActiveCfg = Debug|Any CPU
		{318AC7B7-4C5D-459E-9043-CA9BB3356F65}.Release|Any CPU.ActiveCfg = Release|Any CPU
		{318AC7B7-4C5D-459E-9043-CA9BB3356F65}.Release|Any CPU.Build.0 = Release|Any CPU
		{318AC7B7-4C5D-459E-9043-CA9BB3356F65}.Release|Mixed Platforms.ActiveCfg = Release|Any CPU
		{318AC7B7-4C5D-459E-9043-CA9BB3356F65}.Release|Mixed Platforms.Build.0 = Release|Any CPU
		{318AC7B7-4C5D-459E-9043-CA9BB3356F65}.Release|x86.ActiveCfg = Release|Any CPU
		{F9968E9F-BA23-45C1-BAF1-0AC4F49C1DCC}.Debug|Any CPU.ActiveCfg = Debug|Any CPU
		{F9968E9F-BA23-45C1-BAF1-0AC4F49C1DCC}.Debug|Any CPU.Build.0 = Debug|Any CPU
		{F9968E9F-BA23-45C1-BAF1-0AC4F49C1DCC}.Debug|Mixed Platforms.ActiveCfg = Debug|Any CPU
		{F9968E9F-BA23-45C1-BAF1-0AC4F49C1DCC}.Debug|Mixed Platforms.Build.0 = Debug|Any CPU
		{F9968E9F-BA23-45C1-BAF1-0AC4F49C1DCC}.Debug|x86.ActiveCfg = Debug|Any CPU
		{F9968E9F-BA23-45C1-BAF1-0AC4F49C1DCC}.Release|Any CPU.ActiveCfg = Release|Any CPU
		{F9968E9F-BA23-45C1-BAF1-0AC4F49C1DCC}.Release|Any CPU.Build.0 = Release|Any CPU
		{F9968E9F-BA23-45C1-BAF1-0AC4F49C1DCC}.Release|Mixed Platforms.ActiveCfg = Release|Any CPU
		{F9968E9F-BA23-45C1-BAF1-0AC4F49C1DCC}.Release|Mixed Platforms.Build.0 = Release|Any CPU
		{F9968E9F-BA23-45C1-BAF1-0AC4F49C1DCC}.Release|x86.ActiveCfg = Release|Any CPU
	EndGlobalSection
	GlobalSection(SolutionProperties) = preSolution
		HideSolutionNode = FALSE
	EndGlobalSection
EndGlobal
